
Microsoft Visual Studio Solution File, Format Version 12.00
# Visual Studio Version 17
VisualStudioVersion = 17.0.31903.59
MinimumVisualStudioVersion = 10.0.40219.1
Project("{2150E333-8FDC-42A3-9474-1A3956D46DE8}") = "src", "src", "{827E0CD3-B72D-47B6-A68D-7590B98EB39B}"
EndProject
Project("{FAE04EC0-301F-11D3-BF4B-00C04F79EFBC}") = "GitSecretGuard.Core", "src\GitSecretGuard.Core\GitSecretGuard.Core.csproj", "{7032CE24-5522-43E5-9DB3-8D322F6B1384}"
EndProject
Project("{FAE04EC0-301F-11D3-BF4B-00C04F79EFBC}") = "GitSecretGuard.Cli", "src\GitSecretGuard.Cli\GitSecretGuard.Cli.csproj", "{6E682059-4CDA-4BC5-8AE3-E40D209664E7}"
EndProject
Project("{2150E333-8FDC-42A3-9474-1A3956D46DE8}") = "tests", "tests", "{0AB3BF05-4346-4AA6-1389-037BE0695223}"
EndProject
Project("{FAE04EC0-301F-11D3-BF4B-00C04F79EFBC}") = "GitSecretGuard.Core.Tests", "tests\GitSecretGuard.Core.Tests\GitSecretGuard.Core.Tests.csproj", "{4E93A482-58D8-488A-8C5F-0CB62E8B0437}"
EndProject
Global
	GlobalSection(SolutionConfigurationPlatforms) = preSolution
		Debug|Any CPU = Debug|Any CPU
		Debug|x64 = Debug|x64
		Debug|x86 = Debug|x86
		Release|Any CPU = Release|Any CPU
		Release|x64 = Release|x64
		Release|x86 = Release|x86
	EndGlobalSection
	GlobalSection(ProjectConfigurationPlatforms) = postSolution
		{7032CE24-5522-43E5-9DB3-8D322F6B1384}.Debug|Any CPU.ActiveCfg = Debug|Any CPU
		{7032CE24-5522-43E5-9DB3-8D322F6B1384}.Debug|Any CPU.Build.0 = Debug|Any CPU
		{7032CE24-5522-43E5-9DB3-8D322F6B1384}.Debug|x64.ActiveCfg = Debug|Any CPU
		{7032CE24-5522-43E5-9DB3-8D322F6B1384}.Debug|x64.Build.0 = Debug|Any CPU
		{7032CE24-5522-43E5-9DB3-8D322F6B1384}.Debug|x86.ActiveCfg = Debug|Any CPU
		{7032CE24-5522-43E5-9DB3-8D322F6B1384}.Debug|x86.Build.0 = Debug|Any CPU
		{7032CE24-5522-43E5-9DB3-8D322F6B1384}.Release|Any CPU.ActiveCfg = Release|Any CPU
		{7032CE24-5522-43E5-9DB3-8D322F6B1384}.Release|Any CPU.Build.0 = Release|Any CPU
		{7032CE24-5522-43E5-9DB3-8D322F6B1384}.Release|x64.ActiveCfg = Release|Any CPU
		{7032CE24-5522-43E5-9DB3-8D322F6B1384}.Release|x64.Build.0 = Release|Any CPU
		{7032CE24-5522-43E5-9DB3-8D322F6B1384}.Release|x86.ActiveCfg = Release|Any CPU
		{7032CE24-5522-43E5-9DB3-8D322F6B1384}.Release|x86.Build.0 = Release|Any CPU
		{6E682059-4CDA-4BC5-8AE3-E40D209664E7}.Debug|Any CPU.ActiveCfg = Debug|Any CPU
		{6E682059-4CDA-4BC5-8AE3-E40D209664E7}.Debug|Any CPU.Build.0 = Debug|Any CPU
		{6E682059-4CDA-4BC5-8AE3-E40D209664E7}.Debug|x64.ActiveCfg = Debug|Any CPU
		{6E682059-4CDA-4BC5-8AE3-E40D209664E7}.Debug|x64.Build.0 = Debug|Any CPU
		{6E682059-4CDA-4BC5-8AE3-E40D209664E7}.Debug|x86.ActiveCfg = Debug|Any CPU
		{6E682059-4CDA-4BC5-8AE3-E40D209664E7}.Debug|x86.Build.0 = Debug|Any CPU
		{6E682059-4CDA-4BC5-8AE3-E40D209664E7}.Release|Any CPU.ActiveCfg = Release|Any CPU
		{6E682059-4CDA-4BC5-8AE3-E40D209664E7}.Release|Any CPU.Build.0 = Release|Any CPU
		{6E682059-4CDA-4BC5-8AE3-E40D209664E7}.Release|x64.ActiveCfg = Release|Any CPU
		{6E682059-4CDA-4BC5-8AE3-E40D209664E7}.Release|x64.Build.0 = Release|Any CPU
		{6E682059-4CDA-4BC5-8AE3-E40D209664E7}.Release|x86.ActiveCfg = Release|Any CPU
		{6E682059-4CDA-4BC5-8AE3-E40D209664E7}.Release|x86.Build.0 = Release|Any CPU
		{4E93A482-58D8-488A-8C5F-0CB62E8B0437}.Debug|Any CPU.ActiveCfg = Debug|Any CPU
		{4E93A482-58D8-488A-8C5F-0CB62E8B0437}.Debug|Any CPU.Build.0 = Debug|Any CPU
		{4E93A482-58D8-488A-8C5F-0CB62E8B0437}.Debug|x64.ActiveCfg = Debug|Any CPU
		{4E93A482-58D8-488A-8C5F-0CB62E8B0437}.Debug|x64.Build.0 = Debug|Any CPU
		{4E93A482-58D8-488A-8C5F-0CB62E8B0437}.Debug|x86.ActiveCfg = Debug|Any CPU
		{4E93A482-58D8-488A-8C5F-0CB62E8B0437}.Debug|x86.Build.0 = Debug|Any CPU
		{4E93A482-58D8-488A-8C5F-0CB62E8B0437}.Release|Any CPU.ActiveCfg = Release|Any CPU
		{4E93A482-58D8-488A-8C5F-0CB62E8B0437}.Release|Any CPU.Build.0 = Release|Any CPU
		{4E93A482-58D8-488A-8C5F-0CB62E8B0437}.Release|x64.ActiveCfg = Release|Any CPU
		{4E93A482-58D8-488A-8C5F-0CB62E8B0437}.Release|x64.Build.0 = Release|Any CPU
		{4E93A482-58D8-488A-8C5F-0CB62E8B0437}.Release|x86.ActiveCfg = Release|Any CPU
		{4E93A482-58D8-488A-8C5F-0CB62E8B0437}.Release|x86.Build.0 = Release|Any CPU
	EndGlobalSection
	GlobalSection(SolutionProperties) = preSolution
		HideSolutionNode = FALSE
	EndGlobalSection
	GlobalSection(NestedProjects) = preSolution
		{7032CE24-5522-43E5-9DB3-8D322F6B1384} = {827E0CD3-B72D-47B6-A68D-7590B98EB39B}
		{6E682059-4CDA-4BC5-8AE3-E40D209664E7} = {827E0CD3-B72D-47B6-A68D-7590B98EB39B}
		{4E93A482-58D8-488A-8C5F-0CB62E8B0437} = {0AB3BF05-4346-4AA6-1389-037BE0695223}
	EndGlobalSection
EndGlobal
